
Microsoft Visual Studio Solution File, Format Version 12.00
# Visual Studio 15
Project("{FAE04EC0-301F-11D3-BF4B-00C04F79EFBC}") = "Unity.HotfixView", "Unity.HotfixView.csproj", "{D31345DE-9B88-525C-8E9C-744C99AE7509}"
EndProject
Project("{FAE04EC0-301F-11D3-BF4B-00C04F79EFBC}") = "Unity.Mono", "Unity.Mono.csproj", "{29FA1059-9757-9C19-985B-FC9FC473328E}"
EndProject
Project("{FAE04EC0-301F-11D3-BF4B-00C04F79EFBC}") = "Assembly-CSharp", "Assembly-CSharp.csproj", "{CD8C9303-404B-FB8D-6B9B-21988D5CAC0A}"
EndProject
Project("{FAE04EC0-301F-11D3-BF4B-00C04F79EFBC}") = "Unity.Hotfix", "Unity.Hotfix.csproj", "{1066F652-6A89-D1C4-9881-1A19DF7AB80E}"
EndProject
Project("{FAE04EC0-301F-11D3-BF4B-00C04F79EFBC}") = "Unity.Model", "Unity.Model.csproj", "{B4BF9894-F5D9-41C4-13E3-3F26F7700E29}"
EndProject
Project("{FAE04EC0-301F-11D3-BF4B-00C04F79EFBC}") = "Google.Play.Games", "Google.Play.Games.csproj", "{E442F690-2A3A-6048-F23F-5D551E641232}"
EndProject
Project("{FAE04EC0-301F-11D3-BF4B-00C04F79EFBC}") = "Unity.ThirdParty", "Unity.ThirdParty.csproj", "{E15BADD2-3A26-309A-AB0F-DC5B08044350}"
EndProject
Project("{FAE04EC0-301F-11D3-BF4B-00C04F79EFBC}") = "TapSDK.Login.Standalone.Runtime", "TapSDK.Login.Standalone.Runtime.csproj", "{6FCACC7C-2A14-0B86-5168-57B5B77B93F8}"
EndProject
Project("{FAE04EC0-301F-11D3-BF4B-00C04F79EFBC}") = "TapSDK.Core.Editor", "TapSDK.Core.Editor.csproj", "{793768CE-2923-513C-8649-409508965ACE}"
EndProject
Project("{FAE04EC0-301F-11D3-BF4B-00C04F79EFBC}") = "TapSDK.Compliance", "TapSDK.Compliance.csproj", "{F4E92D94-BC4E-E605-408B-F78E60679940}"
EndProject
Project("{FAE04EC0-301F-11D3-BF4B-00C04F79EFBC}") = "Unity.Editor", "Unity.Editor.csproj", "{CD311104-1830-B119-81B6-5DBEE2467FFB}"
EndProject
Project("{FAE04EC0-301F-11D3-BF4B-00C04F79EFBC}") = "AppleAuth", "AppleAuth.csproj", "{DEF4935F-61C2-65A4-C05F-35314C4CE889}"
EndProject
Project("{FAE04EC0-301F-11D3-BF4B-00C04F79EFBC}") = "TapTap.Login.Editor", "TapTap.Login.Editor.csproj", "{C6687BB8-7E57-4B96-0030-D844C57FA117}"
EndProject
Project("{FAE04EC0-301F-11D3-BF4B-00C04F79EFBC}") = "MeshBakerCore", "MeshBakerCore.csproj", "{D0D41E71-FA99-A459-11BC-B90DBCD80AC5}"
EndProject
Project("{FAE04EC0-301F-11D3-BF4B-00C04F79EFBC}") = "Assembly-CSharp-Editor", "Assembly-CSharp-Editor.csproj", "{6311E6C6-0A20-383B-320B-694068DE37A5}"
EndProject
Project("{FAE04EC0-301F-11D3-BF4B-00C04F79EFBC}") = "TapTap.AntiAddiction", "TapTap.AntiAddiction.csproj", "{680A0EC7-DC48-A756-C711-50D7EECFD58E}"
EndProject
Project("{FAE04EC0-301F-11D3-BF4B-00C04F79EFBC}") = "Google.Play.Games.Editor", "Google.Play.Games.Editor.csproj", "{3ED72909-CB7A-DDE0-7DAB-6A1970AC1872}"
EndProject
Project("{FAE04EC0-301F-11D3-BF4B-00C04F79EFBC}") = "TapSDK.Core.Standalone.Runtime", "TapSDK.Core.Standalone.Runtime.csproj", "{4E8A1356-1D3D-BA70-8D8F-651EC885D0CA}"
EndProject
Project("{FAE04EC0-301F-11D3-BF4B-00C04F79EFBC}") = "TapSDK.Core.Runtime", "TapSDK.Core.Runtime.csproj", "{05E6BCE1-70AE-DB61-6F4B-195D6350A984}"
EndProject
Project("{FAE04EC0-301F-11D3-BF4B-00C04F79EFBC}") = "TapSDK.Compliance.Standalone.Runtime", "TapSDK.Compliance.Standalone.Runtime.csproj", "{636B1B7B-9303-3B03-647C-7476D041A543}"
EndProject
Project("{FAE04EC0-301F-11D3-BF4B-00C04F79EFBC}") = "Unity.ModelView", "Unity.ModelView.csproj", "{2F8409C1-DA01-D464-DBF2-00C6449E459E}"
EndProject
Project("{FAE04EC0-301F-11D3-BF4B-00C04F79EFBC}") = "AllIn1VfxAssmebly", "AllIn1VfxAssmebly.csproj", "{36EE3A81-5C7E-119C-0DAA-77C79D523EA0}"
EndProject
Project("{FAE04EC0-301F-11D3-BF4B-00C04F79EFBC}") = "TapSDK.Login.Runtime", "TapSDK.Login.Runtime.csproj", "{46213FF4-2029-A307-8743-A8D987D54713}"
EndProject
Project("{FAE04EC0-301F-11D3-BF4B-00C04F79EFBC}") = "MeshBakerEditor", "MeshBakerEditor.csproj", "{09A50635-204C-A5A0-2D54-A8628FE8DB1F}"
EndProject
Project("{FAE04EC0-301F-11D3-BF4B-00C04F79EFBC}") = "MeshBakerExamples", "MeshBakerExamples.csproj", "{AC93A327-9E22-3CEB-197B-FED68D2792AF}"
EndProject
Project("{FAE04EC0-301F-11D3-BF4B-00C04F79EFBC}") = "TapTap.UI.Editor", "TapTap.UI.Editor.csproj", "{A7B2644C-0F45-32CB-D208-632C889186F5}"
EndProject
Project("{FAE04EC0-301F-11D3-BF4B-00C04F79EFBC}") = "AllIn1VfxDemoScriptAssemblies", "AllIn1VfxDemoScriptAssemblies.csproj", "{DE2C48CB-3743-E7C2-AC78-410D3E7DE854}"
EndProject
Project("{FAE04EC0-301F-11D3-BF4B-00C04F79EFBC}") = "TapTap.UI", "TapTap.UI.csproj", "{3E4D0299-6024-4B59-AD8D-256F8CA21FA0}"
EndProject
Project("{FAE04EC0-301F-11D3-BF4B-00C04F79EFBC}") = "Google.SignIn", "Google.SignIn.csproj", "{F5BCEF6E-999D-DE4B-52A2-1CF2F31D3B3D}"
EndProject
Project("{FAE04EC0-301F-11D3-BF4B-00C04F79EFBC}") = "TapTap.Common.Editor", "TapTap.Common.Editor.csproj", "{162E2A34-DF08-80CE-C885-E72C959AFE16}"
EndProject
Project("{FAE04EC0-301F-11D3-BF4B-00C04F79EFBC}") = "TapSDK.Compliance.Standalone.Editor", "TapSDK.Compliance.Standalone.Editor.csproj", "{6D8E495C-08C6-3375-C516-CA1C71729445}"
EndProject
Project("{FAE04EC0-301F-11D3-BF4B-00C04F79EFBC}") = "TapSDK.UI.Editor", "TapSDK.UI.Editor.csproj", "{55B3C2C0-EFFE-5FE4-7672-35A3350D6D92}"
EndProject
Project("{FAE04EC0-301F-11D3-BF4B-00C04F79EFBC}") = "TapSDK.Core.Mobile.Editor", "TapSDK.Core.Mobile.Editor.csproj", "{A5BD7CA0-C892-C534-5857-3F0AF2EACFE7}"
EndProject
Project("{FAE04EC0-301F-11D3-BF4B-00C04F79EFBC}") = "TapSDK.Login.Mobile.Editor", "TapSDK.Login.Mobile.Editor.csproj", "{A375415D-8116-30C0-15EB-16358E5B9A1F}"
EndProject
Project("{FAE04EC0-301F-11D3-BF4B-00C04F79EFBC}") = "TapSDK.Core.Standalone.Editor", "TapSDK.Core.Standalone.Editor.csproj", "{AF9218B2-454F-735B-3AE2-603993A84400}"
EndProject
Project("{FAE04EC0-301F-11D3-BF4B-00C04F79EFBC}") = "AntiAddiction.Editor", "AntiAddiction.Editor.csproj", "{3795BD08-FD87-B808-AD30-E2454DA099AD}"
EndProject
Project("{FAE04EC0-301F-11D3-BF4B-00C04F79EFBC}") = "AllIn1VfxTexDemoAssembly", "AllIn1VfxTexDemoAssembly.csproj", "{E9DB757C-B59C-1455-A72A-0FE853F969A4}"
EndProject
Project("{FAE04EC0-301F-11D3-BF4B-00C04F79EFBC}") = "TapTap.TapDB.Editor", "TapTap.TapDB.Editor.csproj", "{CDC49AD5-DABB-D899-71F9-79B23E99C0F6}"
EndProject
Project("{FAE04EC0-301F-11D3-BF4B-00C04F79EFBC}") = "AppleAuth.Editor", "AppleAuth.Editor.csproj", "{9ED2CACE-ECD8-3CA7-8389-841C8676B766}"
EndProject
Project("{FAE04EC0-301F-11D3-BF4B-00C04F79EFBC}") = "TapSDK.Compliance.Mobile.Editor", "TapSDK.Compliance.Mobile.Editor.csproj", "{591A8B0F-6E54-2991-2C4D-9F0946D4E713}"
EndProject
Project("{FAE04EC0-301F-11D3-BF4B-00C04F79EFBC}") = "TapSDK.Login.Standalone.Editor", "TapSDK.Login.Standalone.Editor.csproj", "{3CA14CA9-DACB-9CCA-E9A3-98E2ACFAC143}"
EndProject
Global
	GlobalSection(SolutionConfigurationPlatforms) = preSolution
		Debug|Any CPU = Debug|Any CPU
		Release|Any CPU = Release|Any CPU
	EndGlobalSection
	GlobalSection(ProjectConfigurationPlatforms) = postSolution
		{D31345DE-9B88-525C-8E9C-744C99AE7509}.Debug|Any CPU.ActiveCfg = Debug|Any CPU
		{D31345DE-9B88-525C-8E9C-744C99AE7509}.Debug|Any CPU.Build.0 = Debug|Any CPU
		{D31345DE-9B88-525C-8E9C-744C99AE7509}.Release|Any CPU.ActiveCfg = Release|Any CPU
		{D31345DE-9B88-525C-8E9C-744C99AE7509}.Release|Any CPU.Build.0 = Release|Any CPU
		{29FA1059-9757-9C19-985B-FC9FC473328E}.Debug|Any CPU.ActiveCfg = Debug|Any CPU
		{29FA1059-9757-9C19-985B-FC9FC473328E}.Debug|Any CPU.Build.0 = Debug|Any CPU
		{29FA1059-9757-9C19-985B-FC9FC473328E}.Release|Any CPU.ActiveCfg = Release|Any CPU
		{29FA1059-9757-9C19-985B-FC9FC473328E}.Release|Any CPU.Build.0 = Release|Any CPU
		{CD8C9303-404B-FB8D-6B9B-21988D5CAC0A}.Debug|Any CPU.ActiveCfg = Debug|Any CPU
		{CD8C9303-404B-FB8D-6B9B-21988D5CAC0A}.Debug|Any CPU.Build.0 = Debug|Any CPU
		{CD8C9303-404B-FB8D-6B9B-21988D5CAC0A}.Release|Any CPU.ActiveCfg = Release|Any CPU
		{CD8C9303-404B-FB8D-6B9B-21988D5CAC0A}.Release|Any CPU.Build.0 = Release|Any CPU
		{1066F652-6A89-D1C4-9881-1A19DF7AB80E}.Debug|Any CPU.ActiveCfg = Debug|Any CPU
		{1066F652-6A89-D1C4-9881-1A19DF7AB80E}.Debug|Any CPU.Build.0 = Debug|Any CPU
		{1066F652-6A89-D1C4-9881-1A19DF7AB80E}.Release|Any CPU.ActiveCfg = Release|Any CPU
		{1066F652-6A89-D1C4-9881-1A19DF7AB80E}.Release|Any CPU.Build.0 = Release|Any CPU
		{B4BF9894-F5D9-41C4-13E3-3F26F7700E29}.Debug|Any CPU.ActiveCfg = Debug|Any CPU
		{B4BF9894-F5D9-41C4-13E3-3F26F7700E29}.Debug|Any CPU.Build.0 = Debug|Any CPU
		{B4BF9894-F5D9-41C4-13E3-3F26F7700E29}.Release|Any CPU.ActiveCfg = Release|Any CPU
		{B4BF9894-F5D9-41C4-13E3-3F26F7700E29}.Release|Any CPU.Build.0 = Release|Any CPU
		{E442F690-2A3A-6048-F23F-5D551E641232}.Debug|Any CPU.ActiveCfg = Debug|Any CPU
		{E442F690-2A3A-6048-F23F-5D551E641232}.Debug|Any CPU.Build.0 = Debug|Any CPU
		{E442F690-2A3A-6048-F23F-5D551E641232}.Release|Any CPU.ActiveCfg = Release|Any CPU
		{E442F690-2A3A-6048-F23F-5D551E641232}.Release|Any CPU.Build.0 = Release|Any CPU
		{E15BADD2-3A26-309A-AB0F-DC5B08044350}.Debug|Any CPU.ActiveCfg = Debug|Any CPU
		{E15BADD2-3A26-309A-AB0F-DC5B08044350}.Debug|Any CPU.Build.0 = Debug|Any CPU
		{E15BADD2-3A26-309A-AB0F-DC5B08044350}.Release|Any CPU.ActiveCfg = Release|Any CPU
		{E15BADD2-3A26-309A-AB0F-DC5B08044350}.Release|Any CPU.Build.0 = Release|Any CPU
		{6FCACC7C-2A14-0B86-5168-57B5B77B93F8}.Debug|Any CPU.ActiveCfg = Debug|Any CPU
		{6FCACC7C-2A14-0B86-5168-57B5B77B93F8}.Debug|Any CPU.Build.0 = Debug|Any CPU
		{6FCACC7C-2A14-0B86-5168-57B5B77B93F8}.Release|Any CPU.ActiveCfg = Release|Any CPU
		{6FCACC7C-2A14-0B86-5168-57B5B77B93F8}.Release|Any CPU.Build.0 = Release|Any CPU
		{793768CE-2923-513C-8649-409508965ACE}.Debug|Any CPU.ActiveCfg = Debug|Any CPU
		{793768CE-2923-513C-8649-409508965ACE}.Debug|Any CPU.Build.0 = Debug|Any CPU
		{793768CE-2923-513C-8649-409508965ACE}.Release|Any CPU.ActiveCfg = Release|Any CPU
		{793768CE-2923-513C-8649-409508965ACE}.Release|Any CPU.Build.0 = Release|Any CPU
		{F4E92D94-BC4E-E605-408B-F78E60679940}.Debug|Any CPU.ActiveCfg = Debug|Any CPU
		{F4E92D94-BC4E-E605-408B-F78E60679940}.Debug|Any CPU.Build.0 = Debug|Any CPU
		{F4E92D94-BC4E-E605-408B-F78E60679940}.Release|Any CPU.ActiveCfg = Release|Any CPU
		{F4E92D94-BC4E-E605-408B-F78E60679940}.Release|Any CPU.Build.0 = Release|Any CPU
		{CD311104-1830-B119-81B6-5DBEE2467FFB}.Debug|Any CPU.ActiveCfg = Debug|Any CPU
		{CD311104-1830-B119-81B6-5DBEE2467FFB}.Debug|Any CPU.Build.0 = Debug|Any CPU
		{CD311104-1830-B119-81B6-5DBEE2467FFB}.Release|Any CPU.ActiveCfg = Release|Any CPU
		{CD311104-1830-B119-81B6-5DBEE2467FFB}.Release|Any CPU.Build.0 = Release|Any CPU
		{DEF4935F-61C2-65A4-C05F-35314C4CE889}.Debug|Any CPU.ActiveCfg = Debug|Any CPU
		{DEF4935F-61C2-65A4-C05F-35314C4CE889}.Debug|Any CPU.Build.0 = Debug|Any CPU
		{DEF4935F-61C2-65A4-C05F-35314C4CE889}.Release|Any CPU.ActiveCfg = Release|Any CPU
		{DEF4935F-61C2-65A4-C05F-35314C4CE889}.Release|Any CPU.Build.0 = Release|Any CPU
		{C6687BB8-7E57-4B96-0030-D844C57FA117}.Debug|Any CPU.ActiveCfg = Debug|Any CPU
		{C6687BB8-7E57-4B96-0030-D844C57FA117}.Debug|Any CPU.Build.0 = Debug|Any CPU
		{C6687BB8-7E57-4B96-0030-D844C57FA117}.Release|Any CPU.ActiveCfg = Release|Any CPU
		{C6687BB8-7E57-4B96-0030-D844C57FA117}.Release|Any CPU.Build.0 = Release|Any CPU
		{D0D41E71-FA99-A459-11BC-B90DBCD80AC5}.Debug|Any CPU.ActiveCfg = Debug|Any CPU
		{D0D41E71-FA99-A459-11BC-B90DBCD80AC5}.Debug|Any CPU.Build.0 = Debug|Any CPU
		{D0D41E71-FA99-A459-11BC-B90DBCD80AC5}.Release|Any CPU.ActiveCfg = Release|Any CPU
		{D0D41E71-FA99-A459-11BC-B90DBCD80AC5}.Release|Any CPU.Build.0 = Release|Any CPU
		{6311E6C6-0A20-383B-320B-694068DE37A5}.Debug|Any CPU.ActiveCfg = Debug|Any CPU
		{6311E6C6-0A20-383B-320B-694068DE37A5}.Debug|Any CPU.Build.0 = Debug|Any CPU
		{6311E6C6-0A20-383B-320B-694068DE37A5}.Release|Any CPU.ActiveCfg = Release|Any CPU
		{6311E6C6-0A20-383B-320B-694068DE37A5}.Release|Any CPU.Build.0 = Release|Any CPU
		{680A0EC7-DC48-A756-C711-50D7EECFD58E}.Debug|Any CPU.ActiveCfg = Debug|Any CPU
		{680A0EC7-DC48-A756-C711-50D7EECFD58E}.Debug|Any CPU.Build.0 = Debug|Any CPU
		{680A0EC7-DC48-A756-C711-50D7EECFD58E}.Release|Any CPU.ActiveCfg = Release|Any CPU
		{680A0EC7-DC48-A756-C711-50D7EECFD58E}.Release|Any CPU.Build.0 = Release|Any CPU
		{3ED72909-CB7A-DDE0-7DAB-6A1970AC1872}.Debug|Any CPU.ActiveCfg = Debug|Any CPU
		{3ED72909-CB7A-DDE0-7DAB-6A1970AC1872}.Debug|Any CPU.Build.0 = Debug|Any CPU
		{3ED72909-CB7A-DDE0-7DAB-6A1970AC1872}.Release|Any CPU.ActiveCfg = Release|Any CPU
		{3ED72909-CB7A-DDE0-7DAB-6A1970AC1872}.Release|Any CPU.Build.0 = Release|Any CPU
		{4E8A1356-1D3D-BA70-8D8F-651EC885D0CA}.Debug|Any CPU.ActiveCfg = Debug|Any CPU
		{4E8A1356-1D3D-BA70-8D8F-651EC885D0CA}.Debug|Any CPU.Build.0 = Debug|Any CPU
		{4E8A1356-1D3D-BA70-8D8F-651EC885D0CA}.Release|Any CPU.ActiveCfg = Release|Any CPU
		{4E8A1356-1D3D-BA70-8D8F-651EC885D0CA}.Release|Any CPU.Build.0 = Release|Any CPU
		{05E6BCE1-70AE-DB61-6F4B-195D6350A984}.Debug|Any CPU.ActiveCfg = Debug|Any CPU
		{05E6BCE1-70AE-DB61-6F4B-195D6350A984}.Debug|Any CPU.Build.0 = Debug|Any CPU
		{05E6BCE1-70AE-DB61-6F4B-195D6350A984}.Release|Any CPU.ActiveCfg = Release|Any CPU
		{05E6BCE1-70AE-DB61-6F4B-195D6350A984}.Release|Any CPU.Build.0 = Release|Any CPU
		{636B1B7B-9303-3B03-647C-7476D041A543}.Debug|Any CPU.ActiveCfg = Debug|Any CPU
		{636B1B7B-9303-3B03-647C-7476D041A543}.Debug|Any CPU.Build.0 = Debug|Any CPU
		{636B1B7B-9303-3B03-647C-7476D041A543}.Release|Any CPU.ActiveCfg = Release|Any CPU
		{636B1B7B-9303-3B03-647C-7476D041A543}.Release|Any CPU.Build.0 = Release|Any CPU
		{2F8409C1-DA01-D464-DBF2-00C6449E459E}.Debug|Any CPU.ActiveCfg = Debug|Any CPU
		{2F8409C1-DA01-D464-DBF2-00C6449E459E}.Debug|Any CPU.Build.0 = Debug|Any CPU
		{2F8409C1-DA01-D464-DBF2-00C6449E459E}.Release|Any CPU.ActiveCfg = Release|Any CPU
		{2F8409C1-DA01-D464-DBF2-00C6449E459E}.Release|Any CPU.Build.0 = Release|Any CPU
		{36EE3A81-5C7E-119C-0DAA-77C79D523EA0}.Debug|Any CPU.ActiveCfg = Debug|Any CPU
		{36EE3A81-5C7E-119C-0DAA-77C79D523EA0}.Debug|Any CPU.Build.0 = Debug|Any CPU
		{36EE3A81-5C7E-119C-0DAA-77C79D523EA0}.Release|Any CPU.ActiveCfg = Release|Any CPU
		{36EE3A81-5C7E-119C-0DAA-77C79D523EA0}.Release|Any CPU.Build.0 = Release|Any CPU
		{46213FF4-2029-A307-8743-A8D987D54713}.Debug|Any CPU.ActiveCfg = Debug|Any CPU
		{46213FF4-2029-A307-8743-A8D987D54713}.Debug|Any CPU.Build.0 = Debug|Any CPU
		{46213FF4-2029-A307-8743-A8D987D54713}.Release|Any CPU.ActiveCfg = Release|Any CPU
		{46213FF4-2029-A307-8743-A8D987D54713}.Release|Any CPU.Build.0 = Release|Any CPU
		{09A50635-204C-A5A0-2D54-A8628FE8DB1F}.Debug|Any CPU.ActiveCfg = Debug|Any CPU
		{09A50635-204C-A5A0-2D54-A8628FE8DB1F}.Debug|Any CPU.Build.0 = Debug|Any CPU
		{09A50635-204C-A5A0-2D54-A8628FE8DB1F}.Release|Any CPU.ActiveCfg = Release|Any CPU
		{09A50635-204C-A5A0-2D54-A8628FE8DB1F}.Release|Any CPU.Build.0 = Release|Any CPU
		{AC93A327-9E22-3CEB-197B-FED68D2792AF}.Debug|Any CPU.ActiveCfg = Debug|Any CPU
		{AC93A327-9E22-3CEB-197B-FED68D2792AF}.Debug|Any CPU.Build.0 = Debug|Any CPU
		{AC93A327-9E22-3CEB-197B-FED68D2792AF}.Release|Any CPU.ActiveCfg = Release|Any CPU
		{AC93A327-9E22-3CEB-197B-FED68D2792AF}.Release|Any CPU.Build.0 = Release|Any CPU
		{A7B2644C-0F45-32CB-D208-632C889186F5}.Debug|Any CPU.ActiveCfg = Debug|Any CPU
		{A7B2644C-0F45-32CB-D208-632C889186F5}.Debug|Any CPU.Build.0 = Debug|Any CPU
		{A7B2644C-0F45-32CB-D208-632C889186F5}.Release|Any CPU.ActiveCfg = Release|Any CPU
		{A7B2644C-0F45-32CB-D208-632C889186F5}.Release|Any CPU.Build.0 = Release|Any CPU
		{DE2C48CB-3743-E7C2-AC78-410D3E7DE854}.Debug|Any CPU.ActiveCfg = Debug|Any CPU
		{DE2C48CB-3743-E7C2-AC78-410D3E7DE854}.Debug|Any CPU.Build.0 = Debug|Any CPU
		{DE2C48CB-3743-E7C2-AC78-410D3E7DE854}.Release|Any CPU.ActiveCfg = Release|Any CPU
		{DE2C48CB-3743-E7C2-AC78-410D3E7DE854}.Release|Any CPU.Build.0 = Release|Any CPU
		{3E4D0299-6024-4B59-AD8D-256F8CA21FA0}.Debug|Any CPU.ActiveCfg = Debug|Any CPU
		{3E4D0299-6024-4B59-AD8D-256F8CA21FA0}.Debug|Any CPU.Build.0 = Debug|Any CPU
		{3E4D0299-6024-4B59-AD8D-256F8CA21FA0}.Release|Any CPU.ActiveCfg = Release|Any CPU
		{3E4D0299-6024-4B59-AD8D-256F8CA21FA0}.Release|Any CPU.Build.0 = Release|Any CPU
		{F5BCEF6E-999D-DE4B-52A2-1CF2F31D3B3D}.Debug|Any CPU.ActiveCfg = Debug|Any CPU
		{F5BCEF6E-999D-DE4B-52A2-1CF2F31D3B3D}.Debug|Any CPU.Build.0 = Debug|Any CPU
		{F5BCEF6E-999D-DE4B-52A2-1CF2F31D3B3D}.Release|Any CPU.ActiveCfg = Release|Any CPU
		{F5BCEF6E-999D-DE4B-52A2-1CF2F31D3B3D}.Release|Any CPU.Build.0 = Release|Any CPU
		{162E2A34-DF08-80CE-C885-E72C959AFE16}.Debug|Any CPU.ActiveCfg = Debug|Any CPU
		{162E2A34-DF08-80CE-C885-E72C959AFE16}.Debug|Any CPU.Build.0 = Debug|Any CPU
		{162E2A34-DF08-80CE-C885-E72C959AFE16}.Release|Any CPU.ActiveCfg = Release|Any CPU
		{162E2A34-DF08-80CE-C885-E72C959AFE16}.Release|Any CPU.Build.0 = Release|Any CPU
		{6D8E495C-08C6-3375-C516-CA1C71729445}.Debug|Any CPU.ActiveCfg = Debug|Any CPU
		{6D8E495C-08C6-3375-C516-CA1C71729445}.Debug|Any CPU.Build.0 = Debug|Any CPU
		{6D8E495C-08C6-3375-C516-CA1C71729445}.Release|Any CPU.ActiveCfg = Release|Any CPU
		{6D8E495C-08C6-3375-C516-CA1C71729445}.Release|Any CPU.Build.0 = Release|Any CPU
		{55B3C2C0-EFFE-5FE4-7672-35A3350D6D92}.Debug|Any CPU.ActiveCfg = Debug|Any CPU
		{55B3C2C0-EFFE-5FE4-7672-35A3350D6D92}.Debug|Any CPU.Build.0 = Debug|Any CPU
		{55B3C2C0-EFFE-5FE4-7672-35A3350D6D92}.Release|Any CPU.ActiveCfg = Release|Any CPU
		{55B3C2C0-EFFE-5FE4-7672-35A3350D6D92}.Release|Any CPU.Build.0 = Release|Any CPU
		{A5BD7CA0-C892-C534-5857-3F0AF2EACFE7}.Debug|Any CPU.ActiveCfg = Debug|Any CPU
		{A5BD7CA0-C892-C534-5857-3F0AF2EACFE7}.Debug|Any CPU.Build.0 = Debug|Any CPU
		{A5BD7CA0-C892-C534-5857-3F0AF2EACFE7}.Release|Any CPU.ActiveCfg = Release|Any CPU
		{A5BD7CA0-C892-C534-5857-3F0AF2EACFE7}.Release|Any CPU.Build.0 = Release|Any CPU
		{A375415D-8116-30C0-15EB-16358E5B9A1F}.Debug|Any CPU.ActiveCfg = Debug|Any CPU
		{A375415D-8116-30C0-15EB-16358E5B9A1F}.Debug|Any CPU.Build.0 = Debug|Any CPU
		{A375415D-8116-30C0-15EB-16358E5B9A1F}.Release|Any CPU.ActiveCfg = Release|Any CPU
		{A375415D-8116-30C0-15EB-16358E5B9A1F}.Release|Any CPU.Build.0 = Release|Any CPU
		{AF9218B2-454F-735B-3AE2-603993A84400}.Debug|Any CPU.ActiveCfg = Debug|Any CPU
		{AF9218B2-454F-735B-3AE2-603993A84400}.Debug|Any CPU.Build.0 = Debug|Any CPU
		{AF9218B2-454F-735B-3AE2-603993A84400}.Release|Any CPU.ActiveCfg = Release|Any CPU
		{AF9218B2-454F-735B-3AE2-603993A84400}.Release|Any CPU.Build.0 = Release|Any CPU
		{3795BD08-FD87-B808-AD30-E2454DA099AD}.Debug|Any CPU.ActiveCfg = Debug|Any CPU
		{3795BD08-FD87-B808-AD30-E2454DA099AD}.Debug|Any CPU.Build.0 = Debug|Any CPU
		{3795BD08-FD87-B808-AD30-E2454DA099AD}.Release|Any CPU.ActiveCfg = Release|Any CPU
		{3795BD08-FD87-B808-AD30-E2454DA099AD}.Release|Any CPU.Build.0 = Release|Any CPU
		{E9DB757C-B59C-1455-A72A-0FE853F969A4}.Debug|Any CPU.ActiveCfg = Debug|Any CPU
		{E9DB757C-B59C-1455-A72A-0FE853F969A4}.Debug|Any CPU.Build.0 = Debug|Any CPU
		{E9DB757C-B59C-1455-A72A-0FE853F969A4}.Release|Any CPU.ActiveCfg = Release|Any CPU
		{E9DB757C-B59C-1455-A72A-0FE853F969A4}.Release|Any CPU.Build.0 = Release|Any CPU
		{CDC49AD5-DABB-D899-71F9-79B23E99C0F6}.Debug|Any CPU.ActiveCfg = Debug|Any CPU
		{CDC49AD5-DABB-D899-71F9-79B23E99C0F6}.Debug|Any CPU.Build.0 = Debug|Any CPU
		{CDC49AD5-DABB-D899-71F9-79B23E99C0F6}.Release|Any CPU.ActiveCfg = Release|Any CPU
		{CDC49AD5-DABB-D899-71F9-79B23E99C0F6}.Release|Any CPU.Build.0 = Release|Any CPU
		{9ED2CACE-ECD8-3CA7-8389-841C8676B766}.Debug|Any CPU.ActiveCfg = Debug|Any CPU
		{9ED2CACE-ECD8-3CA7-8389-841C8676B766}.Debug|Any CPU.Build.0 = Debug|Any CPU
		{9ED2CACE-ECD8-3CA7-8389-841C8676B766}.Release|Any CPU.ActiveCfg = Release|Any CPU
		{9ED2CACE-ECD8-3CA7-8389-841C8676B766}.Release|Any CPU.Build.0 = Release|Any CPU
		{591A8B0F-6E54-2991-2C4D-9F0946D4E713}.Debug|Any CPU.ActiveCfg = Debug|Any CPU
		{591A8B0F-6E54-2991-2C4D-9F0946D4E713}.Debug|Any CPU.Build.0 = Debug|Any CPU
		{591A8B0F-6E54-2991-2C4D-9F0946D4E713}.Release|Any CPU.ActiveCfg = Release|Any CPU
		{591A8B0F-6E54-2991-2C4D-9F0946D4E713}.Release|Any CPU.Build.0 = Release|Any CPU
		{3CA14CA9-DACB-9CCA-E9A3-98E2ACFAC143}.Debug|Any CPU.ActiveCfg = Debug|Any CPU
		{3CA14CA9-DACB-9CCA-E9A3-98E2ACFAC143}.Debug|Any CPU.Build.0 = Debug|Any CPU
		{3CA14CA9-DACB-9CCA-E9A3-98E2ACFAC143}.Release|Any CPU.ActiveCfg = Release|Any CPU
		{3CA14CA9-DACB-9CCA-E9A3-98E2ACFAC143}.Release|Any CPU.Build.0 = Release|Any CPU
	EndGlobalSection
	GlobalSection(SolutionProperties) = preSolution
		HideSolutionNode = FALSE
	EndGlobalSection
EndGlobal
